
Microsoft Visual Studio Solution File, Format Version 12.00
# Visual Studio Version 17
VisualStudioVersion = 17.4.33213.308
MinimumVisualStudioVersion = 10.0.40219.1
Project("{FAE04EC0-301F-11D3-BF4B-00C04F79EFBC}") = "M01S02-Ex4", "M01S02-Ex4.csproj", "{AF1A1679-096B-4950-9C46-EEFDC95A0009}"
EndProject
Global
	GlobalSection(SolutionConfigurationPlatforms) = preSolution
		Debug|Any CPU = Debug|Any CPU
		Release|Any CPU = Release|Any CPU
	EndGlobalSection
	GlobalSection(ProjectConfigurationPlatforms) = postSolution
		{AF1A1679-096B-4950-9C46-EEFDC95A0009}.Debug|Any CPU.ActiveCfg = Debug|Any CPU
		{AF1A1679-096B-4950-9C46-EEFDC95A0009}.Debug|Any CPU.Build.0 = Debug|Any CPU
		{AF1A1679-096B-4950-9C46-EEFDC95A0009}.Release|Any CPU.ActiveCfg = Release|Any CPU
		{AF1A1679-096B-4950-9C46-EEFDC95A0009}.Release|Any CPU.Build.0 = Release|Any CPU
	EndGlobalSection
	GlobalSection(SolutionProperties) = preSolution
		HideSolutionNode = FALSE
	EndGlobalSection
	GlobalSection(ExtensibilityGlobals) = postSolution
		SolutionGuid = {23B047BA-0E2D-4611-9C06-AA3D97BBD42E}
	EndGlobalSection
EndGlobal
