
Microsoft Visual Studio Solution File, Format Version 12.00
# Visual Studio Version 17
VisualStudioVersion = 17.4.33213.308
MinimumVisualStudioVersion = 10.0.40219.1
Project("{FAE04EC0-301F-11D3-BF4B-00C04F79EFBC}") = "M01S02-Ex2", "M01S02-Ex2.csproj", "{4CFBEF3E-DF8D-4C4E-ABF5-98854A43492F}"
EndProject
Global
	GlobalSection(SolutionConfigurationPlatforms) = preSolution
		Debug|Any CPU = Debug|Any CPU
		Release|Any CPU = Release|Any CPU
	EndGlobalSection
	GlobalSection(ProjectConfigurationPlatforms) = postSolution
		{4CFBEF3E-DF8D-4C4E-ABF5-98854A43492F}.Debug|Any CPU.ActiveCfg = Debug|Any CPU
		{4CFBEF3E-DF8D-4C4E-ABF5-98854A43492F}.Debug|Any CPU.Build.0 = Debug|Any CPU
		{4CFBEF3E-DF8D-4C4E-ABF5-98854A43492F}.Release|Any CPU.ActiveCfg = Release|Any CPU
		{4CFBEF3E-DF8D-4C4E-ABF5-98854A43492F}.Release|Any CPU.Build.0 = Release|Any CPU
	EndGlobalSection
	GlobalSection(SolutionProperties) = preSolution
		HideSolutionNode = FALSE
	EndGlobalSection
	GlobalSection(ExtensibilityGlobals) = postSolution
		SolutionGuid = {68A5FDB7-68A8-4B01-9B15-33F5A8A54EE1}
	EndGlobalSection
EndGlobal
