
Microsoft Visual Studio Solution File, Format Version 12.00
# Visual Studio Version 17
VisualStudioVersion = 17.4.33213.308
MinimumVisualStudioVersion = 10.0.40219.1
Project("{9A19103F-16F7-4668-BE54-9A1E7A4F7556}") = "M1S02-EX4", "M1S02-EX4.csproj", "{93609098-5351-4F20-9C9E-321DE59A4101}"
EndProject
Project("{2150E333-8FDC-42A3-9474-1A3956D46DE8}") = "Itens de Solução", "Itens de Solução", "{33BE4A31-B3D5-481E-BDE6-46F1F4EE6CDA}"
EndProject
Global
	GlobalSection(SolutionConfigurationPlatforms) = preSolution
		Debug|Any CPU = Debug|Any CPU
		Release|Any CPU = Release|Any CPU
	EndGlobalSection
	GlobalSection(ProjectConfigurationPlatforms) = postSolution
		{93609098-5351-4F20-9C9E-321DE59A4101}.Debug|Any CPU.ActiveCfg = Debug|Any CPU
		{93609098-5351-4F20-9C9E-321DE59A4101}.Debug|Any CPU.Build.0 = Debug|Any CPU
		{93609098-5351-4F20-9C9E-321DE59A4101}.Release|Any CPU.ActiveCfg = Release|Any CPU
		{93609098-5351-4F20-9C9E-321DE59A4101}.Release|Any CPU.Build.0 = Release|Any CPU
	EndGlobalSection
	GlobalSection(SolutionProperties) = preSolution
		HideSolutionNode = FALSE
	EndGlobalSection
	GlobalSection(ExtensibilityGlobals) = postSolution
		SolutionGuid = {6EAF086E-D960-417E-9674-FB0D360897BE}
	EndGlobalSection
EndGlobal
