
Microsoft Visual Studio Solution File, Format Version 12.00
# Visual Studio Version 17
VisualStudioVersion = 17.4.33213.308
MinimumVisualStudioVersion = 10.0.40219.1
Project("{FAE04EC0-301F-11D3-BF4B-00C04F79EFBC}") = "M1S02-EX3", "M1S02-EX3.csproj", "{6A7D7855-EBA5-4B4E-B196-A1CAA438CD04}"
EndProject
Global
	GlobalSection(SolutionConfigurationPlatforms) = preSolution
		Debug|Any CPU = Debug|Any CPU
		Release|Any CPU = Release|Any CPU
	EndGlobalSection
	GlobalSection(ProjectConfigurationPlatforms) = postSolution
		{6A7D7855-EBA5-4B4E-B196-A1CAA438CD04}.Debug|Any CPU.ActiveCfg = Debug|Any CPU
		{6A7D7855-EBA5-4B4E-B196-A1CAA438CD04}.Debug|Any CPU.Build.0 = Debug|Any CPU
		{6A7D7855-EBA5-4B4E-B196-A1CAA438CD04}.Release|Any CPU.ActiveCfg = Release|Any CPU
		{6A7D7855-EBA5-4B4E-B196-A1CAA438CD04}.Release|Any CPU.Build.0 = Release|Any CPU
	EndGlobalSection
	GlobalSection(SolutionProperties) = preSolution
		HideSolutionNode = FALSE
	EndGlobalSection
	GlobalSection(ExtensibilityGlobals) = postSolution
		SolutionGuid = {F64D2C64-9FED-415F-B2E6-3C3B33AA7C19}
	EndGlobalSection
EndGlobal
